{
  "version": 4,
  "terraform_version": "0.12.20",
  "serial": 18,
  "lineage": "50608f1f-9fca-4ef9-8644-e6e92bb3f115",
  "outputs": {
    "admin-url": {
      "value": "https://rancher.k8s-internal.wise.us",
      "type": "string"
    },
    "token": {
      "value": "token-982fb:bktbhn49cx26dgv7zxq4287l6rjx9qtvqtx9bbjbvj5mkj8v6s88zs",
      "type": "string"
    }
  },
  "resources": [
    {
      "mode": "managed",
      "type": "rancher2_bootstrap",
      "name": "admin",
      "provider": "provider.rancher2",
      "instances": [
        {
          "schema_version": 0,
          "attributes": {
            "current_password": "Prime@9272",
            "id": "user-bxmjd",
            "password": "Prime@9272",
            "telemetry": true,
            "temp_token": "",
            "temp_token_id": "",
            "token": "token-982fb:bktbhn49cx26dgv7zxq4287l6rjx9qtvqtx9bbjbvj5mkj8v6s88zs",
            "token_id": "token-982fb",
            "token_ttl": 0,
            "token_update": false,
            "url": "https://rancher.k8s-internal.wise.us",
            "user": "admin"
          },
          "private": "bnVsbA=="
        }
      ]
    },
    {
      "mode": "managed",
      "type": "rancher2_cloud_credential",
      "name": "node-template-access",
      "provider": "provider.rancher2.admin",
      "instances": [
        {
          "schema_version": 0,
          "attributes": {
            "amazonec2_credential_config": [
              {
                "access_key": "AKIAVA4MDSJL646QI4X4",
                "secret_key": "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"
              }
            ],
            "annotations": null,
            "azure_credential_config": [],
            "description": "access to launch node pool",
            "digitalocean_credential_config": [],
            "driver": "amazonec2",
            "id": "cattle-global-data:cc-dmmjv",
            "labels": {
              "cattle.io/creator": "norman"
            },
            "linode_credential_config": [],
            "name": "nodemaster",
            "openstack_credential_config": [],
            "timeouts": null,
            "vsphere_credential_config": []
          },
          "private": "eyJlMmJmYjczMC1lY2FhLTExZTYtOGY4OC0zNDM2M2JjN2M0YzAiOnsiY3JlYXRlIjo2MDAwMDAwMDAwMDAsImRlbGV0ZSI6NjAwMDAwMDAwMDAwLCJ1cGRhdGUiOjYwMDAwMDAwMDAwMH19",
          "dependencies": [
            "rancher2_bootstrap.admin"
          ]
        }
      ]
    },
    {
      "mode": "managed",
      "type": "rancher2_global_role_binding",
      "name": "cluster-admin",
      "provider": "provider.rancher2.admin",
      "instances": [
        {
          "schema_version": 0,
          "attributes": {
            "annotations": {
              "authz.management.cattle.io/crb-name": "cattle-globalrolebinding-cluster-admin-role",
              "cleanup.cattle.io/grbUpgradeCluster": "true",
              "lifecycle.cattle.io/create.mgmt-auth-grb-controller": "true"
            },
            "global_role_id": "admin",
            "group_principal_id": null,
            "id": "cluster-admin-role",
            "labels": {
              "cattle.io/creator": "norman"
            },
            "name": "cluster-admin-role",
            "timeouts": null,
            "user_id": "rancher2_user.cluster-admin.id"
          },
          "private": "eyJlMmJmYjczMC1lY2FhLTExZTYtOGY4OC0zNDM2M2JjN2M0YzAiOnsiY3JlYXRlIjozMDAwMDAwMDAwMDAsImRlbGV0ZSI6MzAwMDAwMDAwMDAwLCJ1cGRhdGUiOjMwMDAwMDAwMDAwMH19",
          "dependencies": [
            "rancher2_bootstrap.admin"
          ]
        }
      ]
    },
    {
      "mode": "managed",
      "type": "rancher2_global_role_binding",
      "name": "dibyanshu",
      "provider": "provider.rancher2.admin",
      "instances": [
        {
          "schema_version": 0,
          "attributes": {
            "annotations": {
              "authz.management.cattle.io/crb-name": "cattle-globalrolebinding-admin-role",
              "cleanup.cattle.io/grbUpgradeCluster": "true",
              "lifecycle.cattle.io/create.mgmt-auth-grb-controller": "true"
            },
            "global_role_id": "admin",
            "group_principal_id": null,
            "id": "admin-role",
            "labels": {
              "cattle.io/creator": "norman"
            },
            "name": "admin-role",
            "timeouts": null,
            "user_id": "rancher2_user.dibyanshu.id"
          },
          "private": "eyJlMmJmYjczMC1lY2FhLTExZTYtOGY4OC0zNDM2M2JjN2M0YzAiOnsiY3JlYXRlIjozMDAwMDAwMDAwMDAsImRlbGV0ZSI6MzAwMDAwMDAwMDAwLCJ1cGRhdGUiOjMwMDAwMDAwMDAwMH19",
          "dependencies": [
            "rancher2_bootstrap.admin"
          ]
        }
      ]
    },
    {
      "mode": "managed",
      "type": "rancher2_node_template",
      "name": "master-base",
      "provider": "provider.rancher2.admin",
      "instances": [
        {
          "schema_version": 0,
          "attributes": {
            "amazonec2_config": [
              {
                "access_key": "",
                "ami": "ami-04a8b7119cc82a3b2",
                "block_duration_minutes": "0",
                "device_name": "/dev/sda1",
                "endpoint": "",
                "iam_instance_profile": "rancher-node-pool",
                "insecure_transport": false,
                "instance_type": "t3.medium",
                "keypair_name": "rancher-ssh",
                "monitoring": true,
                "open_port": [],
                "private_address_only": false,
                "region": "us-west-2",
                "request_spot_instance": false,
                "retries": "5",
                "root_size": "16",
                "secret_key": "",
                "security_group": [
                  "rancher-nodes"
                ],
                "security_group_readonly": false,
                "session_token": "",
                "spot_price": "0.50",
                "ssh_keypath": "~/.ssh/rancher-ssh.pub",
                "ssh_user": "ubuntu",
                "subnet_id": "subnet-03cb8588897992896",
                "tags": "",
                "use_ebs_optimized_instance": false,
                "use_private_address": true,
                "userdata": "",
                "volume_type": "gp2",
                "vpc_id": "vpc-02f9af6bc9a992cc0",
                "zone": "us-west-2b"
              }
            ],
            "annotations": {
              "ownerBindingsCreated": "true"
            },
            "auth_certificate_authority": null,
            "auth_key": null,
            "azure_config": [],
            "cloud_credential_id": "cattle-global-data:cc-dmmjv",
            "description": "master node pool",
            "digitalocean_config": [],
            "driver": "amazonec2",
            "driver_id": "amazonec2",
            "engine_env": null,
            "engine_insecure_registry": null,
            "engine_install_url": "https://releases.rancher.com/install-docker/18.09.sh",
            "engine_label": null,
            "engine_opt": null,
            "engine_registry_mirror": null,
            "engine_storage_driver": null,
            "id": "cattle-global-nt:nt-4pnpc",
            "labels": {
              "cattle.io/creator": "norman"
            },
            "linode_config": [],
            "name": "master-base",
            "opennebula_config": [],
            "openstack_config": [],
            "timeouts": null,
            "use_internal_ip_address": true,
            "vsphere_config": []
          },
          "private": "eyJlMmJmYjczMC1lY2FhLTExZTYtOGY4OC0zNDM2M2JjN2M0YzAiOnsiY3JlYXRlIjo2MDAwMDAwMDAwMDAsImRlbGV0ZSI6NjAwMDAwMDAwMDAwLCJ1cGRhdGUiOjYwMDAwMDAwMDAwMH19",
          "dependencies": [
            "rancher2_bootstrap.admin",
            "rancher2_cloud_credential.node-template-access"
          ]
        }
      ]
    },
    {
      "mode": "managed",
      "type": "rancher2_node_template",
      "name": "worker-base",
      "provider": "provider.rancher2.admin",
      "instances": [
        {
          "schema_version": 0,
          "attributes": {
            "amazonec2_config": [
              {
                "access_key": "",
                "ami": "ami-04a8b7119cc82a3b2",
                "block_duration_minutes": "0",
                "device_name": "/dev/sda1",
                "endpoint": "",
                "iam_instance_profile": "rancher-node-pool",
                "insecure_transport": false,
                "instance_type": "m5.large",
                "keypair_name": "rancher-ssh",
                "monitoring": true,
                "open_port": [],
                "private_address_only": false,
                "region": "us-west-2",
                "request_spot_instance": false,
                "retries": "5",
                "root_size": "16",
                "secret_key": "",
                "security_group": [
                  "rancher-nodes"
                ],
                "security_group_readonly": false,
                "session_token": "",
                "spot_price": "0.50",
                "ssh_keypath": "~/.ssh/rancher-ssh.pub",
                "ssh_user": "ubuntu",
                "subnet_id": "subnet-0d788077e1af4bb58",
                "tags": "",
                "use_ebs_optimized_instance": false,
                "use_private_address": true,
                "userdata": "",
                "volume_type": "gp2",
                "vpc_id": "vpc-02f9af6bc9a992cc0",
                "zone": "us-west-2c"
              }
            ],
            "annotations": {
              "ownerBindingsCreated": "true"
            },
            "auth_certificate_authority": null,
            "auth_key": null,
            "azure_config": [],
            "cloud_credential_id": "cattle-global-data:cc-dmmjv",
            "description": "master node pool",
            "digitalocean_config": [],
            "driver": "amazonec2",
            "driver_id": "amazonec2",
            "engine_env": null,
            "engine_insecure_registry": null,
            "engine_install_url": "https://releases.rancher.com/install-docker/18.09.sh",
            "engine_label": null,
            "engine_opt": null,
            "engine_registry_mirror": null,
            "engine_storage_driver": null,
            "id": "cattle-global-nt:nt-bg8cq",
            "labels": {
              "cattle.io/creator": "norman"
            },
            "linode_config": [],
            "name": "worker-base",
            "opennebula_config": [],
            "openstack_config": [],
            "timeouts": null,
            "use_internal_ip_address": true,
            "vsphere_config": []
          },
          "private": "eyJlMmJmYjczMC1lY2FhLTExZTYtOGY4OC0zNDM2M2JjN2M0YzAiOnsiY3JlYXRlIjo2MDAwMDAwMDAwMDAsImRlbGV0ZSI6NjAwMDAwMDAwMDAwLCJ1cGRhdGUiOjYwMDAwMDAwMDAwMH19",
          "dependencies": [
            "rancher2_bootstrap.admin",
            "rancher2_cloud_credential.node-template-access"
          ]
        }
      ]
    },
    {
      "mode": "managed",
      "type": "rancher2_user",
      "name": "cluster-admin",
      "provider": "provider.rancher2.admin",
      "instances": [
        {
          "schema_version": 0,
          "attributes": {
            "annotations": {
              "lifecycle.cattle.io/create.mgmt-auth-users-controller": "true"
            },
            "enabled": true,
            "id": "u-s2r4n",
            "labels": {
              "cattle.io/creator": "norman"
            },
            "name": "cluster-admin",
            "password": "cadminpass",
            "principal_ids": [
              "local://u-s2r4n"
            ],
            "timeouts": null,
            "username": "cluster-admin"
          },
          "private": "eyJlMmJmYjczMC1lY2FhLTExZTYtOGY4OC0zNDM2M2JjN2M0YzAiOnsiY3JlYXRlIjozMDAwMDAwMDAwMDAsImRlbGV0ZSI6MzAwMDAwMDAwMDAwLCJ1cGRhdGUiOjMwMDAwMDAwMDAwMH19",
          "dependencies": [
            "rancher2_bootstrap.admin"
          ]
        }
      ]
    },
    {
      "mode": "managed",
      "type": "rancher2_user",
      "name": "dibyanshu",
      "provider": "provider.rancher2.admin",
      "instances": [
        {
          "schema_version": 0,
          "attributes": {
            "annotations": {
              "lifecycle.cattle.io/create.mgmt-auth-users-controller": "true"
            },
            "enabled": true,
            "id": "u-ltk84",
            "labels": {
              "cattle.io/creator": "norman"
            },
            "name": "dibyanshu",
            "password": "dibyanshu",
            "principal_ids": [
              "local://u-ltk84"
            ],
            "timeouts": null,
            "username": "dibyanshu"
          },
          "private": "eyJlMmJmYjczMC1lY2FhLTExZTYtOGY4OC0zNDM2M2JjN2M0YzAiOnsiY3JlYXRlIjozMDAwMDAwMDAwMDAsImRlbGV0ZSI6MzAwMDAwMDAwMDAwLCJ1cGRhdGUiOjMwMDAwMDAwMDAwMH19",
          "dependencies": [
            "rancher2_bootstrap.admin"
          ]
        }
      ]
    }
  ]
}
